
Microsoft Visual Studio Solution File, Format Version 12.00
# Visual Studio Version 17
VisualStudioVersion = 17.9.34723.18
MinimumVisualStudioVersion = 10.0.40219.1
Project("{FAE04EC0-301F-11D3-BF4B-00C04F79EFBC}") = "RAA_INT_Module04", "RAA_INT_Module04.csproj", "{3697EA14-0440-4641-AB7C-C28A0BFA36B3}"
EndProject
Global
	GlobalSection(SolutionConfigurationPlatforms) = preSolution
		Debug|Any CPU = Debug|Any CPU
		Release|Any CPU = Release|Any CPU
	EndGlobalSection
	GlobalSection(ProjectConfigurationPlatforms) = postSolution
		{3697EA14-0440-4641-AB7C-C28A0BFA36B3}.Debug|Any CPU.ActiveCfg = Debug|Any CPU
		{3697EA14-0440-4641-AB7C-C28A0BFA36B3}.Debug|Any CPU.Build.0 = Debug|Any CPU
		{3697EA14-0440-4641-AB7C-C28A0BFA36B3}.Release|Any CPU.ActiveCfg = Release|Any CPU
		{3697EA14-0440-4641-AB7C-C28A0BFA36B3}.Release|Any CPU.Build.0 = Release|Any CPU
	EndGlobalSection
	GlobalSection(SolutionProperties) = preSolution
		HideSolutionNode = FALSE
	EndGlobalSection
	GlobalSection(ExtensibilityGlobals) = postSolution
		SolutionGuid = {34391485-C101-4F40-A817-875BD9D3D0A1}
	EndGlobalSection
EndGlobal
